
Microsoft Visual Studio Solution File, Format Version 12.00
# Visual Studio Version 17
VisualStudioVersion = 17.7.34009.444
MinimumVisualStudioVersion = 10.0.40219.1
Project("{2150E333-8FDC-42A3-9474-1A3956D46DE8}") = "01 APIS", "01 APIS", "{A8F0D2AD-BCF6-457D-803B-EE72C9DE21E2}"
EndProject
Project("{2150E333-8FDC-42A3-9474-1A3956D46DE8}") = "02 BUSINESS", "02 BUSINESS", "{5E09B3F0-2B56-417A-8945-80C71C7A7637}"
EndProject
Project("{2150E333-8FDC-42A3-9474-1A3956D46DE8}") = "03 SERVICES", "03 SERVICES", "{FB7E0AC0-3D0B-4F4E-9CCE-B99B65B1148D}"
EndProject
Project("{2150E333-8FDC-42A3-9474-1A3956D46DE8}") = "04 REPOSITORY", "04 REPOSITORY", "{5C656878-DCC4-4C76-856A-BA03DF1CC4EF}"
EndProject
Project("{2150E333-8FDC-42A3-9474-1A3956D46DE8}") = "05 MODELS", "05 MODELS", "{D2EB7BAB-5A48-43C0-BC38-68654F77B752}"
EndProject
Project("{2150E333-8FDC-42A3-9474-1A3956D46DE8}") = "06 UTILITIES", "06 UTILITIES", "{EDBA0507-E549-4A6C-BDDC-EFBB900D9A8E}"
EndProject
Project("{2150E333-8FDC-42A3-9474-1A3956D46DE8}") = "07 GENERADOR ARCHIVOS", "07 GENERADOR ARCHIVOS", "{D6EE2023-2DC2-44B1-A482-FF095B9CE842}"
EndProject
Project("{2150E333-8FDC-42A3-9474-1A3956D46DE8}") = "10 ANOTACIONES", "10 ANOTACIONES", "{E25FA7E1-95E5-4EDC-8A35-27314DB41A8D}"
	ProjectSection(SolutionItems) = preProject
		JWT.txt = JWT.txt
		MapeoBD.txt = MapeoBD.txt
	EndProjectSection
EndProject
Project("{9A19103F-16F7-4668-BE54-9A1E7A4F7556}") = "IBusiness", "IBusiness\IBusiness.csproj", "{6E0FADDF-D8F5-4246-B70D-C3108C1262CD}"
EndProject
Project("{9A19103F-16F7-4668-BE54-9A1E7A4F7556}") = "Business", "Business\Business.csproj", "{6C357D94-BFD6-4233-B156-E06EA24FF7DB}"
EndProject
Project("{9A19103F-16F7-4668-BE54-9A1E7A4F7556}") = "IService", "IService\IService.csproj", "{BF65056C-B6BC-4E01-8320-81E5EE965B97}"
EndProject
Project("{9A19103F-16F7-4668-BE54-9A1E7A4F7556}") = "Service", "Service\Service.csproj", "{EBB4C8F6-69F5-4E44-B7E2-E649F47C72C1}"
EndProject
Project("{9A19103F-16F7-4668-BE54-9A1E7A4F7556}") = "IRepository", "IRepository\IRepository.csproj", "{7E879A40-4D0B-41AF-A1DB-A380CBD248AB}"
EndProject
Project("{9A19103F-16F7-4668-BE54-9A1E7A4F7556}") = "Repository", "Repository\Repository.csproj", "{95B7E1DE-2539-4F9E-AC4A-117DC2448787}"
EndProject
Project("{9A19103F-16F7-4668-BE54-9A1E7A4F7556}") = "BDFerranova", "BDFerranova\BDFerranova.csproj", "{907DDEC0-3A0E-4E3C-AE97-9ECF9A7AF12D}"
EndProject
Project("{9A19103F-16F7-4668-BE54-9A1E7A4F7556}") = "RequestResponseModel", "RequestResponseModel\RequestResponseModel.csproj", "{4FE7E554-972C-4247-A718-2C01C486E295}"
EndProject
Project("{9A19103F-16F7-4668-BE54-9A1E7A4F7556}") = "CommonModel", "CommonModel\CommonModel.csproj", "{78D9CF96-1530-461A-B242-793F03042D47}"
EndProject
Project("{9A19103F-16F7-4668-BE54-9A1E7A4F7556}") = "UtilSecuriry", "UtilSecuriry\UtilSecuriry.csproj", "{86775DC4-6298-480A-A5E5-11CE0E349366}"
EndProject
Project("{9A19103F-16F7-4668-BE54-9A1E7A4F7556}") = "UtilConstant", "UtilConstant\UtilConstant.csproj", "{D067B73D-7948-4EFD-ABB1-BFD97A2A7321}"
EndProject
Project("{9A19103F-16F7-4668-BE54-9A1E7A4F7556}") = "UtilAutoMapper", "UtilAutoMapper\UtilAutoMapper.csproj", "{FDD1B8FB-53BA-4197-8E9E-1F8F78E73A88}"
EndProject
Project("{9A19103F-16F7-4668-BE54-9A1E7A4F7556}") = "UtilExcel", "UtilExcel\UtilExcel.csproj", "{B5AF20F3-8B45-4038-9C6E-5E66D50FAA54}"
EndProject
Project("{9A19103F-16F7-4668-BE54-9A1E7A4F7556}") = "UtilPdf", "UtilPdf\UtilPdf.csproj", "{76075C52-BDE2-4AC6-B495-0FD39797B4A3}"
EndProject
Project("{FAE04EC0-301F-11D3-BF4B-00C04F79EFBC}") = "ApiWeb", "ApiWeb\ApiWeb.csproj", "{BDF3AA90-657F-4D98-B69E-8BDFC936C126}"
EndProject
Global
	GlobalSection(SolutionConfigurationPlatforms) = preSolution
		Debug|Any CPU = Debug|Any CPU
		Release|Any CPU = Release|Any CPU
	EndGlobalSection
	GlobalSection(ProjectConfigurationPlatforms) = postSolution
		{6E0FADDF-D8F5-4246-B70D-C3108C1262CD}.Debug|Any CPU.ActiveCfg = Debug|Any CPU
		{6E0FADDF-D8F5-4246-B70D-C3108C1262CD}.Debug|Any CPU.Build.0 = Debug|Any CPU
		{6E0FADDF-D8F5-4246-B70D-C3108C1262CD}.Release|Any CPU.ActiveCfg = Release|Any CPU
		{6E0FADDF-D8F5-4246-B70D-C3108C1262CD}.Release|Any CPU.Build.0 = Release|Any CPU
		{6C357D94-BFD6-4233-B156-E06EA24FF7DB}.Debug|Any CPU.ActiveCfg = Debug|Any CPU
		{6C357D94-BFD6-4233-B156-E06EA24FF7DB}.Debug|Any CPU.Build.0 = Debug|Any CPU
		{6C357D94-BFD6-4233-B156-E06EA24FF7DB}.Release|Any CPU.ActiveCfg = Release|Any CPU
		{6C357D94-BFD6-4233-B156-E06EA24FF7DB}.Release|Any CPU.Build.0 = Release|Any CPU
		{BF65056C-B6BC-4E01-8320-81E5EE965B97}.Debug|Any CPU.ActiveCfg = Debug|Any CPU
		{BF65056C-B6BC-4E01-8320-81E5EE965B97}.Debug|Any CPU.Build.0 = Debug|Any CPU
		{BF65056C-B6BC-4E01-8320-81E5EE965B97}.Release|Any CPU.ActiveCfg = Release|Any CPU
		{BF65056C-B6BC-4E01-8320-81E5EE965B97}.Release|Any CPU.Build.0 = Release|Any CPU
		{EBB4C8F6-69F5-4E44-B7E2-E649F47C72C1}.Debug|Any CPU.ActiveCfg = Debug|Any CPU
		{EBB4C8F6-69F5-4E44-B7E2-E649F47C72C1}.Debug|Any CPU.Build.0 = Debug|Any CPU
		{EBB4C8F6-69F5-4E44-B7E2-E649F47C72C1}.Release|Any CPU.ActiveCfg = Release|Any CPU
		{EBB4C8F6-69F5-4E44-B7E2-E649F47C72C1}.Release|Any CPU.Build.0 = Release|Any CPU
		{7E879A40-4D0B-41AF-A1DB-A380CBD248AB}.Debug|Any CPU.ActiveCfg = Debug|Any CPU
		{7E879A40-4D0B-41AF-A1DB-A380CBD248AB}.Debug|Any CPU.Build.0 = Debug|Any CPU
		{7E879A40-4D0B-41AF-A1DB-A380CBD248AB}.Release|Any CPU.ActiveCfg = Release|Any CPU
		{7E879A40-4D0B-41AF-A1DB-A380CBD248AB}.Release|Any CPU.Build.0 = Release|Any CPU
		{95B7E1DE-2539-4F9E-AC4A-117DC2448787}.Debug|Any CPU.ActiveCfg = Debug|Any CPU
		{95B7E1DE-2539-4F9E-AC4A-117DC2448787}.Debug|Any CPU.Build.0 = Debug|Any CPU
		{95B7E1DE-2539-4F9E-AC4A-117DC2448787}.Release|Any CPU.ActiveCfg = Release|Any CPU
		{95B7E1DE-2539-4F9E-AC4A-117DC2448787}.Release|Any CPU.Build.0 = Release|Any CPU
		{907DDEC0-3A0E-4E3C-AE97-9ECF9A7AF12D}.Debug|Any CPU.ActiveCfg = Debug|Any CPU
		{907DDEC0-3A0E-4E3C-AE97-9ECF9A7AF12D}.Debug|Any CPU.Build.0 = Debug|Any CPU
		{907DDEC0-3A0E-4E3C-AE97-9ECF9A7AF12D}.Release|Any CPU.ActiveCfg = Release|Any CPU
		{907DDEC0-3A0E-4E3C-AE97-9ECF9A7AF12D}.Release|Any CPU.Build.0 = Release|Any CPU
		{4FE7E554-972C-4247-A718-2C01C486E295}.Debug|Any CPU.ActiveCfg = Debug|Any CPU
		{4FE7E554-972C-4247-A718-2C01C486E295}.Debug|Any CPU.Build.0 = Debug|Any CPU
		{4FE7E554-972C-4247-A718-2C01C486E295}.Release|Any CPU.ActiveCfg = Release|Any CPU
		{4FE7E554-972C-4247-A718-2C01C486E295}.Release|Any CPU.Build.0 = Release|Any CPU
		{78D9CF96-1530-461A-B242-793F03042D47}.Debug|Any CPU.ActiveCfg = Debug|Any CPU
		{78D9CF96-1530-461A-B242-793F03042D47}.Debug|Any CPU.Build.0 = Debug|Any CPU
		{78D9CF96-1530-461A-B242-793F03042D47}.Release|Any CPU.ActiveCfg = Release|Any CPU
		{78D9CF96-1530-461A-B242-793F03042D47}.Release|Any CPU.Build.0 = Release|Any CPU
		{86775DC4-6298-480A-A5E5-11CE0E349366}.Debug|Any CPU.ActiveCfg = Debug|Any CPU
		{86775DC4-6298-480A-A5E5-11CE0E349366}.Debug|Any CPU.Build.0 = Debug|Any CPU
		{86775DC4-6298-480A-A5E5-11CE0E349366}.Release|Any CPU.ActiveCfg = Release|Any CPU
		{86775DC4-6298-480A-A5E5-11CE0E349366}.Release|Any CPU.Build.0 = Release|Any CPU
		{D067B73D-7948-4EFD-ABB1-BFD97A2A7321}.Debug|Any CPU.ActiveCfg = Debug|Any CPU
		{D067B73D-7948-4EFD-ABB1-BFD97A2A7321}.Debug|Any CPU.Build.0 = Debug|Any CPU
		{D067B73D-7948-4EFD-ABB1-BFD97A2A7321}.Release|Any CPU.ActiveCfg = Release|Any CPU
		{D067B73D-7948-4EFD-ABB1-BFD97A2A7321}.Release|Any CPU.Build.0 = Release|Any CPU
		{FDD1B8FB-53BA-4197-8E9E-1F8F78E73A88}.Debug|Any CPU.ActiveCfg = Debug|Any CPU
		{FDD1B8FB-53BA-4197-8E9E-1F8F78E73A88}.Debug|Any CPU.Build.0 = Debug|Any CPU
		{FDD1B8FB-53BA-4197-8E9E-1F8F78E73A88}.Release|Any CPU.ActiveCfg = Release|Any CPU
		{FDD1B8FB-53BA-4197-8E9E-1F8F78E73A88}.Release|Any CPU.Build.0 = Release|Any CPU
		{B5AF20F3-8B45-4038-9C6E-5E66D50FAA54}.Debug|Any CPU.ActiveCfg = Debug|Any CPU
		{B5AF20F3-8B45-4038-9C6E-5E66D50FAA54}.Debug|Any CPU.Build.0 = Debug|Any CPU
		{B5AF20F3-8B45-4038-9C6E-5E66D50FAA54}.Release|Any CPU.ActiveCfg = Release|Any CPU
		{B5AF20F3-8B45-4038-9C6E-5E66D50FAA54}.Release|Any CPU.Build.0 = Release|Any CPU
		{76075C52-BDE2-4AC6-B495-0FD39797B4A3}.Debug|Any CPU.ActiveCfg = Debug|Any CPU
		{76075C52-BDE2-4AC6-B495-0FD39797B4A3}.Debug|Any CPU.Build.0 = Debug|Any CPU
		{76075C52-BDE2-4AC6-B495-0FD39797B4A3}.Release|Any CPU.ActiveCfg = Release|Any CPU
		{76075C52-BDE2-4AC6-B495-0FD39797B4A3}.Release|Any CPU.Build.0 = Release|Any CPU
		{BDF3AA90-657F-4D98-B69E-8BDFC936C126}.Debug|Any CPU.ActiveCfg = Debug|Any CPU
		{BDF3AA90-657F-4D98-B69E-8BDFC936C126}.Debug|Any CPU.Build.0 = Debug|Any CPU
		{BDF3AA90-657F-4D98-B69E-8BDFC936C126}.Release|Any CPU.ActiveCfg = Release|Any CPU
		{BDF3AA90-657F-4D98-B69E-8BDFC936C126}.Release|Any CPU.Build.0 = Release|Any CPU
	EndGlobalSection
	GlobalSection(SolutionProperties) = preSolution
		HideSolutionNode = FALSE
	EndGlobalSection
	GlobalSection(NestedProjects) = preSolution
		{6E0FADDF-D8F5-4246-B70D-C3108C1262CD} = {5E09B3F0-2B56-417A-8945-80C71C7A7637}
		{6C357D94-BFD6-4233-B156-E06EA24FF7DB} = {5E09B3F0-2B56-417A-8945-80C71C7A7637}
		{BF65056C-B6BC-4E01-8320-81E5EE965B97} = {FB7E0AC0-3D0B-4F4E-9CCE-B99B65B1148D}
		{EBB4C8F6-69F5-4E44-B7E2-E649F47C72C1} = {FB7E0AC0-3D0B-4F4E-9CCE-B99B65B1148D}
		{7E879A40-4D0B-41AF-A1DB-A380CBD248AB} = {5C656878-DCC4-4C76-856A-BA03DF1CC4EF}
		{95B7E1DE-2539-4F9E-AC4A-117DC2448787} = {5C656878-DCC4-4C76-856A-BA03DF1CC4EF}
		{907DDEC0-3A0E-4E3C-AE97-9ECF9A7AF12D} = {D2EB7BAB-5A48-43C0-BC38-68654F77B752}
		{4FE7E554-972C-4247-A718-2C01C486E295} = {D2EB7BAB-5A48-43C0-BC38-68654F77B752}
		{78D9CF96-1530-461A-B242-793F03042D47} = {D2EB7BAB-5A48-43C0-BC38-68654F77B752}
		{86775DC4-6298-480A-A5E5-11CE0E349366} = {EDBA0507-E549-4A6C-BDDC-EFBB900D9A8E}
		{D067B73D-7948-4EFD-ABB1-BFD97A2A7321} = {EDBA0507-E549-4A6C-BDDC-EFBB900D9A8E}
		{FDD1B8FB-53BA-4197-8E9E-1F8F78E73A88} = {EDBA0507-E549-4A6C-BDDC-EFBB900D9A8E}
		{B5AF20F3-8B45-4038-9C6E-5E66D50FAA54} = {D6EE2023-2DC2-44B1-A482-FF095B9CE842}
		{76075C52-BDE2-4AC6-B495-0FD39797B4A3} = {D6EE2023-2DC2-44B1-A482-FF095B9CE842}
		{BDF3AA90-657F-4D98-B69E-8BDFC936C126} = {A8F0D2AD-BCF6-457D-803B-EE72C9DE21E2}
	EndGlobalSection
	GlobalSection(ExtensibilityGlobals) = postSolution
		SolutionGuid = {2D218BC4-8E52-46F6-8A54-75B7C1BDECFC}
	EndGlobalSection
EndGlobal
